{
  "name": "add_tenant_lambda",
  "version": "1.0.0",
  "lockfileVersion": 2,
  "requires": true,
  "packages": {
    "": {
      "name": "add_tenant_lambda",
      "version": "1.0.0",
      "license": "ISC",
      "dependencies": {
        "jose": "^2.0.2",
        "moment": "^2.29.4",
        "uuid": "^8.3.2"
      }
    },
    "node_modules/@panva/asn1.js": {
      "version": "1.0.0",
      "resolved": "https://registry.npmjs.org/@panva/asn1.js/-/asn1.js-1.0.0.tgz",
      "integrity": "sha512-UdkG3mLEqXgnlKsWanWcgb6dOjUzJ+XC5f+aWw30qrtjxeNUSfKX1cd5FBzOaXQumoe9nIqeZUvrRJS03HCCtw==",
      "engines": {
        "node": ">=10.13.0"
      }
    },
    "node_modules/jose": {
      "version": "2.0.5",
      "resolved": "https://registry.npmjs.org/jose/-/jose-2.0.5.tgz",
      "integrity": "sha512-BAiDNeDKTMgk4tvD0BbxJ8xHEHBZgpeRZ1zGPPsitSyMgjoMWiLGYAE7H7NpP5h0lPppQajQs871E8NHUrzVPA==",
      "dependencies": {
        "@panva/asn1.js": "^1.0.0"
      },
      "engines": {
        "node": ">=10.13.0 < 13 || >=13.7.0"
      },
      "funding": {
        "url": "https://github.com/sponsors/panva"
      }
    },
    "node_modules/moment": {
      "version": "2.29.4",
      "resolved": "https://registry.npmjs.org/moment/-/moment-2.29.4.tgz",
      "integrity": "sha512-5LC9SOxjSc2HF6vO2CyuTDNivEdoz2IvyJJGj6X8DJ0eFyfszE0QiEd+iXmBvUP3WHxSjFH/vIsA0EN00cgr8w==",
      "engines": {
        "node": "*"
      }
    },
    "node_modules/uuid": {
      "version": "8.3.2",
      "resolved": "https://registry.npmjs.org/uuid/-/uuid-8.3.2.tgz",
      "integrity": "sha512-+NYs2QeMWy+GWFOEm9xnn6HCDp0l7QBD7ml8zLUmJ+93Q5NF0NocErnwkTkXVFNiX3/fpC6afS8Dhb/gz7R7eg==",
      "bin": {
        "uuid": "dist/bin/uuid"
      }
    }
  },
  "dependencies": {
    "@panva/asn1.js": {
      "version": "1.0.0",
      "resolved": "https://registry.npmjs.org/@panva/asn1.js/-/asn1.js-1.0.0.tgz",
      "integrity": "sha512-UdkG3mLEqXgnlKsWanWcgb6dOjUzJ+XC5f+aWw30qrtjxeNUSfKX1cd5FBzOaXQumoe9nIqeZUvrRJS03HCCtw=="
    },
    "jose": {
      "version": "2.0.5",
      "resolved": "https://registry.npmjs.org/jose/-/jose-2.0.5.tgz",
      "integrity": "sha512-BAiDNeDKTMgk4tvD0BbxJ8xHEHBZgpeRZ1zGPPsitSyMgjoMWiLGYAE7H7NpP5h0lPppQajQs871E8NHUrzVPA==",
      "requires": {
        "@panva/asn1.js": "^1.0.0"
      }
    },
    "moment": {
      "version": "2.29.4",
      "resolved": "https://registry.npmjs.org/moment/-/moment-2.29.4.tgz",
      "integrity": "sha512-5LC9SOxjSc2HF6vO2CyuTDNivEdoz2IvyJJGj6X8DJ0eFyfszE0QiEd+iXmBvUP3WHxSjFH/vIsA0EN00cgr8w=="
    },
    "uuid": {
      "version": "8.3.2",
      "resolved": "https://registry.npmjs.org/uuid/-/uuid-8.3.2.tgz",
      "integrity": "sha512-+NYs2QeMWy+GWFOEm9xnn6HCDp0l7QBD7ml8zLUmJ+93Q5NF0NocErnwkTkXVFNiX3/fpC6afS8Dhb/gz7R7eg=="
    }
  }
}
